
Microsoft Visual Studio Solution File, Format Version 12.00
# Visual Studio Version 17
VisualStudioVersion = 17.9.34728.123
MinimumVisualStudioVersion = 10.0.40219.1
Project("{FAE04EC0-301F-11D3-BF4B-00C04F79EFBC}") = "SistemaDeHorario", "SistemaDeHorario.csproj", "{6E06E34D-6013-465F-A175-8C5C57B79552}"
EndProject
Global
	GlobalSection(SolutionConfigurationPlatforms) = preSolution
		Debug|Any CPU = Debug|Any CPU
		Release|Any CPU = Release|Any CPU
	EndGlobalSection
	GlobalSection(ProjectConfigurationPlatforms) = postSolution
		{6E06E34D-6013-465F-A175-8C5C57B79552}.Debug|Any CPU.ActiveCfg = Debug|Any CPU
		{6E06E34D-6013-465F-A175-8C5C57B79552}.Debug|Any CPU.Build.0 = Debug|Any CPU
		{6E06E34D-6013-465F-A175-8C5C57B79552}.Release|Any CPU.ActiveCfg = Release|Any CPU
		{6E06E34D-6013-465F-A175-8C5C57B79552}.Release|Any CPU.Build.0 = Release|Any CPU
	EndGlobalSection
	GlobalSection(SolutionProperties) = preSolution
		HideSolutionNode = FALSE
	EndGlobalSection
	GlobalSection(ExtensibilityGlobals) = postSolution
		SolutionGuid = {CC60CE5F-FFF4-4854-929E-2E2634ECF0C6}
	EndGlobalSection
EndGlobal
